[[package]]
name = "argparse"
version = "1.4.0"
description = "Python command-line parsing library"
category = "main"
optional = false
python-versions = "*"

[[package]]
name = "clipboard"
version = "0.0.4"
description = "A cross platform clipboard operation library of Python. Works for Windows, Mac and Linux."
category = "main"
optional = false
python-versions = "*"

[package.dependencies]
pyperclip = ">=1.3"

[[package]]
name = "pyperclip"
version = "1.8.2"
description = "A cross-platform clipboard module for Python. (Only handles plain text for now.)"
category = "main"
optional = false
python-versions = "*"

[metadata]
lock-version = "1.1"
python-versions = "3.10.5"
content-hash = "885968e77c996b466a79f7bcd3a7ef68c3af411a31f16d7d8cd84e5f30c10d47"

[metadata.files]
argparse = [
    {file = "argparse-1.4.0-py2.py3-none-any.whl", hash = "sha256:c31647edb69fd3d465a847ea3157d37bed1f95f19760b11a47aa91c04b666314"},
    {file = "argparse-1.4.0.tar.gz", hash = "sha256:62b089a55be1d8949cd2bc7e0df0bddb9e028faefc8c32038cc84862aefdd6e4"},
]
clipboard = [
    {file = "clipboard-0.0.4.tar.gz", hash = "sha256:a72a78e9c9bf68da1c3f29ee022417d13ec9e3824b511559fd2b702b1dd5b817"},
]
pyperclip = [
    {file = "pyperclip-1.8.2.tar.gz", hash = "sha256:105254a8b04934f0bc84e9c24eb360a591aaf6535c9def5f29d92af107a9bf57"},
]
